// !$*UTF8*$!
{
	archiveVersion = 1;
	classes = {
	};
	objectVersion = 50;
	objects = {

/* Begin PBXBuildFile section */
		D65045D524FEF96A003D3ACA /* AppDelegate.swift in Sources */ = {isa = PBXBuildFile; fileRef = D65045D424FEF96A003D3ACA /* AppDelegate.swift */; };
		D65045D724FEF96A003D3ACA /* SceneDelegate.swift in Sources */ = {isa = PBXBuildFile; fileRef = D65045D624FEF96A003D3ACA /* SceneDelegate.swift */; };
		D65045DC24FEF96A003D3ACA /* Main.storyboard in Resources */ = {isa = PBXBuildFile; fileRef = D65045DA24FEF96A003D3ACA /* Main.storyboard */; };
		D65045DE24FEF96B003D3ACA /* Assets.xcassets in Resources */ = {isa = PBXBuildFile; fileRef = D65045DD24FEF96B003D3ACA /* Assets.xcassets */; };
		D65045E124FEF96B003D3ACA /* LaunchScreen.storyboard in Resources */ = {isa = PBXBuildFile; fileRef = D65045DF24FEF96B003D3ACA /* LaunchScreen.storyboard */; };
		D65045EC24FEF96B003D3ACA /* SwiftLottoTests.swift in Sources */ = {isa = PBXBuildFile; fileRef = D65045EB24FEF96B003D3ACA /* SwiftLottoTests.swift */; };
		D65045F724FEF96B003D3ACA /* SwiftLottoUITests.swift in Sources */ = {isa = PBXBuildFile; fileRef = D65045F624FEF96B003D3ACA /* SwiftLottoUITests.swift */; };
		D650460724FF0354003D3ACA /* SwiftLotto.swift in Sources */ = {isa = PBXBuildFile; fileRef = D650460624FF0354003D3ACA /* SwiftLotto.swift */; };
		D650460924FF03CF003D3ACA /* SwiftLottoHelper.swift in Sources */ = {isa = PBXBuildFile; fileRef = D650460824FF03CF003D3ACA /* SwiftLottoHelper.swift */; };
/* End PBXBuildFile section */

/* Begin PBXContainerItemProxy section */
		D65045E824FEF96B003D3ACA /* PBXContainerItemProxy */ = {
			isa = PBXContainerItemProxy;
			containerPortal = D65045C924FEF96A003D3ACA /* Project object */;
			proxyType = 1;
			remoteGlobalIDString = D65045D024FEF96A003D3ACA;
			remoteInfo = SwiftLotto;
		};
		D65045F324FEF96B003D3ACA /* PBXContainerItemProxy */ = {
			isa = PBXContainerItemProxy;
			containerPortal = D65045C924FEF96A003D3ACA /* Project object */;
			proxyType = 1;
			remoteGlobalIDString = D65045D024FEF96A003D3ACA;
			remoteInfo = SwiftLotto;
		};
/* End PBXContainerItemProxy section */

/* Begin PBXFileReference section */
		D65045D124FEF96A003D3ACA /* SwiftLotto.app */ = {isa = PBXFileReference; explicitFileType = wrapper.application; includeInIndex = 0; path = SwiftLotto.app; sourceTree = BUILT_PRODUCTS_DIR; };
		D65045D424FEF96A003D3ACA /* AppDelegate.swift */ = {isa = PBXFileReference; lastKnownFileType = sourcecode.swift; path = AppDelegate.swift; sourceTree = "<group>"; };
		D65045D624FEF96A003D3ACA /* SceneDelegate.swift */ = {isa = PBXFileReference; lastKnownFileType = sourcecode.swift; path = SceneDelegate.swift; sourceTree = "<group>"; };
		D65045DB24FEF96A003D3ACA /* Base */ = {isa = PBXFileReference; lastKnownFileType = file.storyboard; name = Base; path = Base.lproj/Main.storyboard; sourceTree = "<group>"; };
		D65045DD24FEF96B003D3ACA /* Assets.xcassets */ = {isa = PBXFileReference; lastKnownFileType = folder.assetcatalog; path = Assets.xcassets; sourceTree = "<group>"; };
		D65045E024FEF96B003D3ACA /* Base */ = {isa = PBXFileReference; lastKnownFileType = file.storyboard; name = Base; path = Base.lproj/LaunchScreen.storyboard; sourceTree = "<group>"; };
		D65045E224FEF96B003D3ACA /* Info.plist */ = {isa = PBXFileReference; lastKnownFileType = text.plist.xml; path = Info.plist; sourceTree = "<group>"; };
		D65045E724FEF96B003D3ACA /* SwiftLottoTests.xctest */ = {isa = PBXFileReference; explicitFileType = wrapper.cfbundle; includeInIndex = 0; path = SwiftLottoTests.xctest; sourceTree = BUILT_PRODUCTS_DIR; };
		D65045EB24FEF96B003D3ACA /* SwiftLottoTests.swift */ = {isa = PBXFileReference; lastKnownFileType = sourcecode.swift; path = SwiftLottoTests.swift; sourceTree = "<group>"; };
		D65045ED24FEF96B003D3ACA /* Info.plist */ = {isa = PBXFileReference; lastKnownFileType = text.plist.xml; path = Info.plist; sourceTree = "<group>"; };
		D65045F224FEF96B003D3ACA /* SwiftLottoUITests.xctest */ = {isa = PBXFileReference; explicitFileType = wrapper.cfbundle; includeInIndex = 0; path = SwiftLottoUITests.xctest; sourceTree = BUILT_PRODUCTS_DIR; };
		D65045F624FEF96B003D3ACA /* SwiftLottoUITests.swift */ = {isa = PBXFileReference; lastKnownFileType = sourcecode.swift; path = SwiftLottoUITests.swift; sourceTree = "<group>"; };
		D65045F824FEF96B003D3ACA /* Info.plist */ = {isa = PBXFileReference; lastKnownFileType = text.plist.xml; path = Info.plist; sourceTree = "<group>"; };
		D650460624FF0354003D3ACA /* SwiftLotto.swift */ = {isa = PBXFileReference; lastKnownFileType = sourcecode.swift; path = SwiftLotto.swift; sourceTree = "<group>"; };
		D650460824FF03CF003D3ACA /* SwiftLottoHelper.swift */ = {isa = PBXFileReference; lastKnownFileType = sourcecode.swift; path = SwiftLottoHelper.swift; sourceTree = "<group>"; };
/* End PBXFileReference section */

/* Begin PBXFrameworksBuildPhase section */
		D65045CE24FEF96A003D3ACA /* Frameworks */ = {
			isa = PBXFrameworksBuildPhase;
			buildActionMask = 2147483647;
			files = (
			);
			runOnlyForDeploymentPostprocessing = 0;
		};
		D65045E424FEF96B003D3ACA /* Frameworks */ = {
			isa = PBXFrameworksBuildPhase;
			buildActionMask = 2147483647;
			files = (
			);
			runOnlyForDeploymentPostprocessing = 0;
		};
		D65045EF24FEF96B003D3ACA /* Frameworks */ = {
			isa = PBXFrameworksBuildPhase;
			buildActionMask = 2147483647;
			files = (
			);
			runOnlyForDeploymentPostprocessing = 0;
		};
/* End PBXFrameworksBuildPhase section */

/* Begin PBXGroup section */
		D65045C824FEF96A003D3ACA = {
			isa = PBXGroup;
			children = (
				D65045D324FEF96A003D3ACA /* SwiftLotto */,
				D65045EA24FEF96B003D3ACA /* SwiftLottoTests */,
				D65045F524FEF96B003D3ACA /* SwiftLottoUITests */,
				D65045D224FEF96A003D3ACA /* Products */,
			);
			sourceTree = "<group>";
		};
		D65045D224FEF96A003D3ACA /* Products */ = {
			isa = PBXGroup;
			children = (
				D65045D124FEF96A003D3ACA /* SwiftLotto.app */,
				D65045E724FEF96B003D3ACA /* SwiftLottoTests.xctest */,
				D65045F224FEF96B003D3ACA /* SwiftLottoUITests.xctest */,
			);
			name = Products;
			sourceTree = "<group>";
		};
		D65045D324FEF96A003D3ACA /* SwiftLotto */ = {
			isa = PBXGroup;
			children = (
				D650460524FF0300003D3ACA /* View */,
				D650460424FF02F6003D3ACA /* Helper */,
				D65045D424FEF96A003D3ACA /* AppDelegate.swift */,
				D65045D624FEF96A003D3ACA /* SceneDelegate.swift */,
				D65045DA24FEF96A003D3ACA /* Main.storyboard */,
				D65045DD24FEF96B003D3ACA /* Assets.xcassets */,
				D65045DF24FEF96B003D3ACA /* LaunchScreen.storyboard */,
				D65045E224FEF96B003D3ACA /* Info.plist */,
			);
			path = SwiftLotto;
			sourceTree = "<group>";
		};
		D65045EA24FEF96B003D3ACA /* SwiftLottoTests */ = {
			isa = PBXGroup;
			children = (
				D65045EB24FEF96B003D3ACA /* SwiftLottoTests.swift */,
				D65045ED24FEF96B003D3ACA /* Info.plist */,
			);
			path = SwiftLottoTests;
			sourceTree = "<group>";
		};
		D65045F524FEF96B003D3ACA /* SwiftLottoUITests */ = {
			isa = PBXGroup;
			children = (
				D65045F624FEF96B003D3ACA /* SwiftLottoUITests.swift */,
				D65045F824FEF96B003D3ACA /* Info.plist */,
			);
			path = SwiftLottoUITests;
			sourceTree = "<group>";
		};
		D650460424FF02F6003D3ACA /* Helper */ = {
			isa = PBXGroup;
			children = (
				D650460824FF03CF003D3ACA /* SwiftLottoHelper.swift */,
			);
			path = Helper;
			sourceTree = "<group>";
		};
		D650460524FF0300003D3ACA /* View */ = {
			isa = PBXGroup;
			children = (
				D650460624FF0354003D3ACA /* SwiftLotto.swift */,
			);
			path = View;
			sourceTree = "<group>";
		};
/* End PBXGroup section */

/* Begin PBXNativeTarget section */
		D65045D024FEF96A003D3ACA /* SwiftLotto */ = {
			isa = PBXNativeTarget;
			buildConfigurationList = D65045FB24FEF96B003D3ACA /* Build configuration list for PBXNativeTarget "SwiftLotto" */;
			buildPhases = (
				D65045CD24FEF96A003D3ACA /* Sources */,
				D65045CE24FEF96A003D3ACA /* Frameworks */,
				D65045CF24FEF96A003D3ACA /* Resources */,
			);
			buildRules = (
			);
			dependencies = (
			);
			name = SwiftLotto;
			productName = SwiftLotto;
			productReference = D65045D124FEF96A003D3ACA /* SwiftLotto.app */;
			productType = "com.apple.product-type.application";
		};
		D65045E624FEF96B003D3ACA /* SwiftLottoTests */ = {
			isa = PBXNativeTarget;
			buildConfigurationList = D65045FE24FEF96B003D3ACA /* Build configuration list for PBXNativeTarget "SwiftLottoTests" */;
			buildPhases = (
				D65045E324FEF96B003D3ACA /* Sources */,
				D65045E424FEF96B003D3ACA /* Frameworks */,
				D65045E524FEF96B003D3ACA /* Resources */,
			);
			buildRules = (
			);
			dependencies = (
				D65045E924FEF96B003D3ACA /* PBXTargetDependency */,
			);
			name = SwiftLottoTests;
			productName = SwiftLottoTests;
			productReference = D65045E724FEF96B003D3ACA /* SwiftLottoTests.xctest */;
			productType = "com.apple.product-type.bundle.unit-test";
		};
		D65045F124FEF96B003D3ACA /* SwiftLottoUITests */ = {
			isa = PBXNativeTarget;
			buildConfigurationList = D650460124FEF96B003D3ACA /* Build configuration list for PBXNativeTarget "SwiftLottoUITests" */;
			buildPhases = (
				D65045EE24FEF96B003D3ACA /* Sources */,
				D65045EF24FEF96B003D3ACA /* Frameworks */,
				D65045F024FEF96B003D3ACA /* Resources */,
			);
			buildRules = (
			);
			dependencies = (
				D65045F424FEF96B003D3ACA /* PBXTargetDependency */,
			);
			name = SwiftLottoUITests;
			productName = SwiftLottoUITests;
			productReference = D65045F224FEF96B003D3ACA /* SwiftLottoUITests.xctest */;
			productType = "com.apple.product-type.bundle.ui-testing";
		};
/* End PBXNativeTarget section */

/* Begin PBXProject section */
		D65045C924FEF96A003D3ACA /* Project object */ = {
			isa = PBXProject;
			attributes = {
				LastSwiftUpdateCheck = 1160;
				LastUpgradeCheck = 1160;
				ORGANIZATIONNAME = "Angelos Staboulis";
				TargetAttributes = {
					D65045D024FEF96A003D3ACA = {
						CreatedOnToolsVersion = 11.6;
					};
					D65045E624FEF96B003D3ACA = {
						CreatedOnToolsVersion = 11.6;
						TestTargetID = D65045D024FEF96A003D3ACA;
					};
					D65045F124FEF96B003D3ACA = {
						CreatedOnToolsVersion = 11.6;
						TestTargetID = D65045D024FEF96A003D3ACA;
					};
				};
			};
			buildConfigurationList = D65045CC24FEF96A003D3ACA /* Build configuration list for PBXProject "SwiftLotto" */;
			compatibilityVersion = "Xcode 9.3";
			developmentRegion = en;
			hasScannedForEncodings = 0;
			knownRegions = (
				en,
				Base,
			);
			mainGroup = D65045C824FEF96A003D3ACA;
			productRefGroup = D65045D224FEF96A003D3ACA /* Products */;
			projectDirPath = "";
			projectRoot = "";
			targets = (
				D65045D024FEF96A003D3ACA /* SwiftLotto */,
				D65045E624FEF96B003D3ACA /* SwiftLottoTests */,
				D65045F124FEF96B003D3ACA /* SwiftLottoUITests */,
			);
		};
/* End PBXProject section */

/* Begin PBXResourcesBuildPhase section */
		D65045CF24FEF96A003D3ACA /* Resources */ = {
			isa = PBXResourcesBuildPhase;
			buildActionMask = 2147483647;
			files = (
				D65045E124FEF96B003D3ACA /* LaunchScreen.storyboard in Resources */,
				D65045DE24FEF96B003D3ACA /* Assets.xcassets in Resources */,
				D65045DC24FEF96A003D3ACA /* Main.storyboard in Resources */,
			);
			runOnlyForDeploymentPostprocessing = 0;
		};
		D65045E524FEF96B003D3ACA /* Resources */ = {
			isa = PBXResourcesBuildPhase;
			buildActionMask = 2147483647;
			files = (
			);
			runOnlyForDeploymentPostprocessing = 0;
		};
		D65045F024FEF96B003D3ACA /* Resources */ = {
			isa = PBXResourcesBuildPhase;
			buildActionMask = 2147483647;
			files = (
			);
			runOnlyForDeploymentPostprocessing = 0;
		};
/* End PBXResourcesBuildPhase section */

/* Begin PBXSourcesBuildPhase section */
		D65045CD24FEF96A003D3ACA /* Sources */ = {
			isa = PBXSourcesBuildPhase;
			buildActionMask = 2147483647;
			files = (
				D650460924FF03CF003D3ACA /* SwiftLottoHelper.swift in Sources */,
				D65045D524FEF96A003D3ACA /* AppDelegate.swift in Sources */,
				D650460724FF0354003D3ACA /* SwiftLotto.swift in Sources */,
				D65045D724FEF96A003D3ACA /* SceneDelegate.swift in Sources */,
			);
			runOnlyForDeploymentPostprocessing = 0;
		};
		D65045E324FEF96B003D3ACA /* Sources */ = {
			isa = PBXSourcesBuildPhase;
			buildActionMask = 2147483647;
			files = (
				D65045EC24FEF96B003D3ACA /* SwiftLottoTests.swift in Sources */,
			);
			runOnlyForDeploymentPostprocessing = 0;
		};
		D65045EE24FEF96B003D3ACA /* Sources */ = {
			isa = PBXSourcesBuildPhase;
			buildActionMask = 2147483647;
			files = (
				D65045F724FEF96B003D3ACA /* SwiftLottoUITests.swift in Sources */,
			);
			runOnlyForDeploymentPostprocessing = 0;
		};
/* End PBXSourcesBuildPhase section */

/* Begin PBXTargetDependency section */
		D65045E924FEF96B003D3ACA /* PBXTargetDependency */ = {
			isa = PBXTargetDependency;
			target = D65045D024FEF96A003D3ACA /* SwiftLotto */;
			targetProxy = D65045E824FEF96B003D3ACA /* PBXContainerItemProxy */;
		};
		D65045F424FEF96B003D3ACA /* PBXTargetDependency */ = {
			isa = PBXTargetDependency;
			target = D65045D024FEF96A003D3ACA /* SwiftLotto */;
			targetProxy = D65045F324FEF96B003D3ACA /* PBXContainerItemProxy */;
		};
/* End PBXTargetDependency section */

/* Begin PBXVariantGroup section */
		D65045DA24FEF96A003D3ACA /* Main.storyboard */ = {
			isa = PBXVariantGroup;
			children = (
				D65045DB24FEF96A003D3ACA /* Base */,
			);
			name = Main.storyboard;
			sourceTree = "<group>";
		};
		D65045DF24FEF96B003D3ACA /* LaunchScreen.storyboard */ = {
			isa = PBXVariantGroup;
			children = (
				D65045E024FEF96B003D3ACA /* Base */,
			);
			name = LaunchScreen.storyboard;
			sourceTree = "<group>";
		};
/* End PBXVariantGroup section */

/* Begin XCBuildConfiguration section */
		D65045F924FEF96B003D3ACA /* Debug */ = {
			isa = XCBuildConfiguration;
			buildSettings = {
				ALWAYS_SEARCH_USER_PATHS = NO;
				CLANG_ANALYZER_NONNULL = YES;
				CLANG_ANALYZER_NUMBER_OBJECT_CONVERSION = YES_AGGRESSIVE;
				CLANG_CXX_LANGUAGE_STANDARD = "gnu++14";
				CLANG_CXX_LIBRARY = "libc++";
				CLANG_ENABLE_MODULES = YES;
				CLANG_ENABLE_OBJC_ARC = YES;
				CLANG_ENABLE_OBJC_WEAK = YES;
				CLANG_WARN_BLOCK_CAPTURE_AUTORELEASING = YES;
				CLANG_WARN_BOOL_CONVERSION = YES;
				CLANG_WARN_COMMA = YES;
				CLANG_WARN_CONSTANT_CONVERSION = YES;
				CLANG_WARN_DEPRECATED_OBJC_IMPLEMENTATIONS = YES;
				CLANG_WARN_DIRECT_OBJC_ISA_USAGE = YES_ERROR;
				CLANG_WARN_DOCUMENTATION_COMMENTS = YES;
				CLANG_WARN_EMPTY_BODY = YES;
				CLANG_WARN_ENUM_CONVERSION = YES;
				CLANG_WARN_INFINITE_RECURSION = YES;
				CLANG_WARN_INT_CONVERSION = YES;
				CLANG_WARN_NON_LITERAL_NULL_CONVERSION = YES;
				CLANG_WARN_OBJC_IMPLICIT_RETAIN_SELF = YES;
				CLANG_WARN_OBJC_LITERAL_CONVERSION = YES;
				CLANG_WARN_OBJC_ROOT_CLASS = YES_ERROR;
				CLANG_WARN_RANGE_LOOP_ANALYSIS = YES;
				CLANG_WARN_STRICT_PROTOTYPES = YES;
				CLANG_WARN_SUSPICIOUS_MOVE = YES;
				CLANG_WARN_UNGUARDED_AVAILABILITY = YES_AGGRESSIVE;
				CLANG_WARN_UNREACHABLE_CODE = YES;
				CLANG_WARN__DUPLICATE_METHOD_MATCH = YES;
				COPY_PHASE_STRIP = NO;
				DEBUG_INFORMATION_FORMAT = dwarf;
				ENABLE_STRICT_OBJC_MSGSEND = YES;
				ENABLE_TESTABILITY = YES;
				GCC_C_LANGUAGE_STANDARD = gnu11;
				GCC_DYNAMIC_NO_PIC = NO;
				GCC_NO_COMMON_BLOCKS = YES;
				GCC_OPTIMIZATION_LEVEL = 0;
				GCC_PREPROCESSOR_DEFINITIONS = (
					"DEBUG=1",
					"$(inherited)",
				);
				GCC_WARN_64_TO_32_BIT_CONVERSION = YES;
				GCC_WARN_ABOUT_RETURN_TYPE = YES_ERROR;
				GCC_WARN_UNDECLARED_SELECTOR = YES;
				GCC_WARN_UNINITIALIZED_AUTOS = YES_AGGRESSIVE;
				GCC_WARN_UNUSED_FUNCTION = YES;
				GCC_WARN_UNUSED_VARIABLE = YES;
				IPHONEOS_DEPLOYMENT_TARGET = 13.6;
				MTL_ENABLE_DEBUG_INFO = INCLUDE_SOURCE;
				MTL_FAST_MATH = YES;
				ONLY_ACTIVE_ARCH = YES;
				SDKROOT = iphoneos;
				SWIFT_ACTIVE_COMPILATION_CONDITIONS = DEBUG;
				SWIFT_OPTIMIZATION_LEVEL = "-Onone";
			};
			name = Debug;
		};
		D65045FA24FEF96B003D3ACA /* Release */ = {
			isa = XCBuildConfiguration;
			buildSettings = {
				ALWAYS_SEARCH_USER_PATHS = NO;
				CLANG_ANALYZER_NONNULL = YES;
				CLANG_ANALYZER_NUMBER_OBJECT_CONVERSION = YES_AGGRESSIVE;
				CLANG_CXX_LANGUAGE_STANDARD = "gnu++14";
				CLANG_CXX_LIBRARY = "libc++";
				CLANG_ENABLE_MODULES = YES;
				CLANG_ENABLE_OBJC_ARC = YES;
				CLANG_ENABLE_OBJC_WEAK = YES;
				CLANG_WARN_BLOCK_CAPTURE_AUTORELEASING = YES;
				CLANG_WARN_BOOL_CONVERSION = YES;
				CLANG_WARN_COMMA = YES;
				CLANG_WARN_CONSTANT_CONVERSION = YES;
				CLANG_WARN_DEPRECATED_OBJC_IMPLEMENTATIONS = YES;
				CLANG_WARN_DIRECT_OBJC_ISA_USAGE = YES_ERROR;
				CLANG_WARN_DOCUMENTATION_COMMENTS = YES;
				CLANG_WARN_EMPTY_BODY = YES;
				CLANG_WARN_ENUM_CONVERSION = YES;
				CLANG_WARN_INFINITE_RECURSION = YES;
				CLANG_WARN_INT_CONVERSION = YES;
				CLANG_WARN_NON_LITERAL_NULL_CONVERSION = YES;
				CLANG_WARN_OBJC_IMPLICIT_RETAIN_SELF = YES;
				CLANG_WARN_OBJC_LITERAL_CONVERSION = YES;
				CLANG_WARN_OBJC_ROOT_CLASS = YES_ERROR;
				CLANG_WARN_RANGE_LOOP_ANALYSIS = YES;
				CLANG_WARN_STRICT_PROTOTYPES = YES;
				CLANG_WARN_SUSPICIOUS_MOVE = YES;
				CLANG_WARN_UNGUARDED_AVAILABILITY = YES_AGGRESSIVE;
				CLANG_WARN_UNREACHABLE_CODE = YES;
				CLANG_WARN__DUPLICATE_METHOD_MATCH = YES;
				COPY_PHASE_STRIP = NO;
				DEBUG_INFORMATION_FORMAT = "dwarf-with-dsym";
				ENABLE_NS_ASSERTIONS = NO;
				ENABLE_STRICT_OBJC_MSGSEND = YES;
				GCC_C_LANGUAGE_STANDARD = gnu11;
				GCC_NO_COMMON_BLOCKS = YES;
				GCC_WARN_64_TO_32_BIT_CONVERSION = YES;
				GCC_WARN_ABOUT_RETURN_TYPE = YES_ERROR;
				GCC_WARN_UNDECLARED_SELECTOR = YES;
				GCC_WARN_UNINITIALIZED_AUTOS = YES_AGGRESSIVE;
				GCC_WARN_UNUSED_FUNCTION = YES;
				GCC_WARN_UNUSED_VARIABLE = YES;
				IPHONEOS_DEPLOYMENT_TARGET = 13.6;
				MTL_ENABLE_DEBUG_INFO = NO;
				MTL_FAST_MATH = YES;
				SDKROOT = iphoneos;
				SWIFT_COMPILATION_MODE = wholemodule;
				SWIFT_OPTIMIZATION_LEVEL = "-O";
				VALIDATE_PRODUCT = YES;
			};
			name = Release;
		};
		D65045FC24FEF96B003D3ACA /* Debug */ = {
			isa = XCBuildConfiguration;
			buildSettings = {
				ASSETCATALOG_COMPILER_APPICON_NAME = AppIcon;
				CODE_SIGN_STYLE = Automatic;
				DEVELOPMENT_TEAM = K6LJCT8RAA;
				INFOPLIST_FILE = SwiftLotto/Info.plist;
				LD_RUNPATH_SEARCH_PATHS = (
					"$(inherited)",
					"@executable_path/Frameworks",
				);
				PRODUCT_BUNDLE_IDENTIFIER = com.SwiftLotto;
				PRODUCT_NAME = "$(TARGET_NAME)";
				SWIFT_VERSION = 5.0;
				TARGETED_DEVICE_FAMILY = "1,2";
			};
			name = Debug;
		};
		D65045FD24FEF96B003D3ACA /* Release */ = {
			isa = XCBuildConfiguration;
			buildSettings = {
				ASSETCATALOG_COMPILER_APPICON_NAME = AppIcon;
				CODE_SIGN_STYLE = Automatic;
				DEVELOPMENT_TEAM = K6LJCT8RAA;
				INFOPLIST_FILE = SwiftLotto/Info.plist;
				LD_RUNPATH_SEARCH_PATHS = (
					"$(inherited)",
					"@executable_path/Frameworks",
				);
				PRODUCT_BUNDLE_IDENTIFIER = com.SwiftLotto;
				PRODUCT_NAME = "$(TARGET_NAME)";
				SWIFT_VERSION = 5.0;
				TARGETED_DEVICE_FAMILY = "1,2";
			};
			name = Release;
		};
		D65045FF24FEF96B003D3ACA /* Debug */ = {
			isa = XCBuildConfiguration;
			buildSettings = {
				ALWAYS_EMBED_SWIFT_STANDARD_LIBRARIES = YES;
				BUNDLE_LOADER = "$(TEST_HOST)";
				CODE_SIGN_STYLE = Automatic;
				DEVELOPMENT_TEAM = K6LJCT8RAA;
				INFOPLIST_FILE = SwiftLottoTests/Info.plist;
				IPHONEOS_DEPLOYMENT_TARGET = 13.6;
				LD_RUNPATH_SEARCH_PATHS = (
					"$(inherited)",
					"@executable_path/Frameworks",
					"@loader_path/Frameworks",
				);
				PRODUCT_BUNDLE_IDENTIFIER = com.SwiftLottoTests;
				PRODUCT_NAME = "$(TARGET_NAME)";
				SWIFT_VERSION = 5.0;
				TARGETED_DEVICE_FAMILY = "1,2";
				TEST_HOST = "$(BUILT_PRODUCTS_DIR)/SwiftLotto.app/SwiftLotto";
			};
			name = Debug;
		};
		D650460024FEF96B003D3ACA /* Release */ = {
			isa = XCBuildConfiguration;
			buildSettings = {
				ALWAYS_EMBED_SWIFT_STANDARD_LIBRARIES = YES;
				BUNDLE_LOADER = "$(TEST_HOST)";
				CODE_SIGN_STYLE = Automatic;
				DEVELOPMENT_TEAM = K6LJCT8RAA;
				INFOPLIST_FILE = SwiftLottoTests/Info.plist;
				IPHONEOS_DEPLOYMENT_TARGET = 13.6;
				LD_RUNPATH_SEARCH_PATHS = (
					"$(inherited)",
					"@executable_path/Frameworks",
					"@loader_path/Frameworks",
				);
				PRODUCT_BUNDLE_IDENTIFIER = com.SwiftLottoTests;
				PRODUCT_NAME = "$(TARGET_NAME)";
				SWIFT_VERSION = 5.0;
				TARGETED_DEVICE_FAMILY = "1,2";
				TEST_HOST = "$(BUILT_PRODUCTS_DIR)/SwiftLotto.app/SwiftLotto";
			};
			name = Release;
		};
		D650460224FEF96B003D3ACA /* Debug */ = {
			isa = XCBuildConfiguration;
			buildSettings = {
				ALWAYS_EMBED_SWIFT_STANDARD_LIBRARIES = YES;
				CODE_SIGN_STYLE = Automatic;
				DEVELOPMENT_TEAM = K6LJCT8RAA;
				INFOPLIST_FILE = SwiftLottoUITests/Info.plist;
				LD_RUNPATH_SEARCH_PATHS = (
					"$(inherited)",
					"@executable_path/Frameworks",
					"@loader_path/Frameworks",
				);
				PRODUCT_BUNDLE_IDENTIFIER = com.SwiftLottoUITests;
				PRODUCT_NAME = "$(TARGET_NAME)";
				SWIFT_VERSION = 5.0;
				TARGETED_DEVICE_FAMILY = "1,2";
				TEST_TARGET_NAME = SwiftLotto;
			};
			name = Debug;
		};
		D650460324FEF96B003D3ACA /* Release */ = {
			isa = XCBuildConfiguration;
			buildSettings = {
				ALWAYS_EMBED_SWIFT_STANDARD_LIBRARIES = YES;
				CODE_SIGN_STYLE = Automatic;
				DEVELOPMENT_TEAM = K6LJCT8RAA;
				INFOPLIST_FILE = SwiftLottoUITests/Info.plist;
				LD_RUNPATH_SEARCH_PATHS = (
					"$(inherited)",
					"@executable_path/Frameworks",
					"@loader_path/Frameworks",
				);
				PRODUCT_BUNDLE_IDENTIFIER = com.SwiftLottoUITests;
				PRODUCT_NAME = "$(TARGET_NAME)";
				SWIFT_VERSION = 5.0;
				TARGETED_DEVICE_FAMILY = "1,2";
				TEST_TARGET_NAME = SwiftLotto;
			};
			name = Release;
		};
/* End XCBuildConfiguration section */

/* Begin XCConfigurationList section */
		D65045CC24FEF96A003D3ACA /* Build configuration list for PBXProject "SwiftLotto" */ = {
			isa = XCConfigurationList;
			buildConfigurations = (
				D65045F924FEF96B003D3ACA /* Debug */,
				D65045FA24FEF96B003D3ACA /* Release */,
			);
			defaultConfigurationIsVisible = 0;
			defaultConfigurationName = Release;
		};
		D65045FB24FEF96B003D3ACA /* Build configuration list for PBXNativeTarget "SwiftLotto" */ = {
			isa = XCConfigurationList;
			buildConfigurations = (
				D65045FC24FEF96B003D3ACA /* Debug */,
				D65045FD24FEF96B003D3ACA /* Release */,
			);
			defaultConfigurationIsVisible = 0;
			defaultConfigurationName = Release;
		};
		D65045FE24FEF96B003D3ACA /* Build configuration list for PBXNativeTarget "SwiftLottoTests" */ = {
			isa = XCConfigurationList;
			buildConfigurations = (
				D65045FF24FEF96B003D3ACA /* Debug */,
				D650460024FEF96B003D3ACA /* Release */,
			);
			defaultConfigurationIsVisible = 0;
			defaultConfigurationName = Release;
		};
		D650460124FEF96B003D3ACA /* Build configuration list for PBXNativeTarget "SwiftLottoUITests" */ = {
			isa = XCConfigurationList;
			buildConfigurations = (
				D650460224FEF96B003D3ACA /* Debug */,
				D650460324FEF96B003D3ACA /* Release */,
			);
			defaultConfigurationIsVisible = 0;
			defaultConfigurationName = Release;
		};
/* End XCConfigurationList section */
	};
	rootObject = D65045C924FEF96A003D3ACA /* Project object */;
}
